
Microsoft Visual Studio Solution File, Format Version 12.00
# Visual Studio Version 16
VisualStudioVersion = 16.0.32802.440
MinimumVisualStudioVersion = 10.0.40219.1
Project("{FAE04EC0-301F-11D3-BF4B-00C04F79EFBC}") = "OOP1", "OOP1\OOP1.csproj", "{061C977E-8927-4416-B51C-3471BC19BAA9}"
EndProject
Project("{FAE04EC0-301F-11D3-BF4B-00C04F79EFBC}") = "Koleksiyonlar", "Koleksiyonlar\Koleksiyonlar.csproj", "{F200A34B-5341-421A-B39A-A7B72E5CF505}"
EndProject
Project("{FAE04EC0-301F-11D3-BF4B-00C04F79EFBC}") = "GenericsIntro", "GenericsIntro\GenericsIntro.csproj", "{06E0064E-53A4-49B6-8412-7D098212C9B0}"
EndProject
Global
	GlobalSection(SolutionConfigurationPlatforms) = preSolution
		Debug|Any CPU = Debug|Any CPU
		Release|Any CPU = Release|Any CPU
	EndGlobalSection
	GlobalSection(ProjectConfigurationPlatforms) = postSolution
		{061C977E-8927-4416-B51C-3471BC19BAA9}.Debug|Any CPU.ActiveCfg = Debug|Any CPU
		{061C977E-8927-4416-B51C-3471BC19BAA9}.Debug|Any CPU.Build.0 = Debug|Any CPU
		{061C977E-8927-4416-B51C-3471BC19BAA9}.Release|Any CPU.ActiveCfg = Release|Any CPU
		{061C977E-8927-4416-B51C-3471BC19BAA9}.Release|Any CPU.Build.0 = Release|Any CPU
		{F200A34B-5341-421A-B39A-A7B72E5CF505}.Debug|Any CPU.ActiveCfg = Debug|Any CPU
		{F200A34B-5341-421A-B39A-A7B72E5CF505}.Debug|Any CPU.Build.0 = Debug|Any CPU
		{F200A34B-5341-421A-B39A-A7B72E5CF505}.Release|Any CPU.ActiveCfg = Release|Any CPU
		{F200A34B-5341-421A-B39A-A7B72E5CF505}.Release|Any CPU.Build.0 = Release|Any CPU
		{06E0064E-53A4-49B6-8412-7D098212C9B0}.Debug|Any CPU.ActiveCfg = Debug|Any CPU
		{06E0064E-53A4-49B6-8412-7D098212C9B0}.Debug|Any CPU.Build.0 = Debug|Any CPU
		{06E0064E-53A4-49B6-8412-7D098212C9B0}.Release|Any CPU.ActiveCfg = Release|Any CPU
		{06E0064E-53A4-49B6-8412-7D098212C9B0}.Release|Any CPU.Build.0 = Release|Any CPU
	EndGlobalSection
	GlobalSection(SolutionProperties) = preSolution
		HideSolutionNode = FALSE
	EndGlobalSection
	GlobalSection(ExtensibilityGlobals) = postSolution
		SolutionGuid = {0DCEBEE0-07D7-4F70-8B86-95E3C49FAB1C}
	EndGlobalSection
EndGlobal
